
Microsoft Visual Studio Solution File, Format Version 12.00
# Visual Studio Version 16
VisualStudioVersion = 16.0.30907.101
MinimumVisualStudioVersion = 10.0.40219.1
Project("{FAE04EC0-301F-11D3-BF4B-00C04F79EFBC}") = "StandardDeviation", "StandardDeviation.csproj", "{7C515BF9-57A8-4323-983F-AEB5C6ECB6F1}"
EndProject
Global
	GlobalSection(SolutionConfigurationPlatforms) = preSolution
		Debug|Any CPU = Debug|Any CPU
		Release|Any CPU = Release|Any CPU
	EndGlobalSection
	GlobalSection(ProjectConfigurationPlatforms) = postSolution
		{7C515BF9-57A8-4323-983F-AEB5C6ECB6F1}.Debug|Any CPU.ActiveCfg = Debug|Any CPU
		{7C515BF9-57A8-4323-983F-AEB5C6ECB6F1}.Debug|Any CPU.Build.0 = Debug|Any CPU
		{7C515BF9-57A8-4323-983F-AEB5C6ECB6F1}.Release|Any CPU.ActiveCfg = Release|Any CPU
		{7C515BF9-57A8-4323-983F-AEB5C6ECB6F1}.Release|Any CPU.Build.0 = Release|Any CPU
	EndGlobalSection
	GlobalSection(SolutionProperties) = preSolution
		HideSolutionNode = FALSE
	EndGlobalSection
	GlobalSection(ExtensibilityGlobals) = postSolution
		SolutionGuid = {7FABA80D-2F9F-42C1-8741-1DB01B9993B7}
	EndGlobalSection
EndGlobal
